
Microsoft Visual Studio Solution File, Format Version 12.00
# Visual Studio Version 17
VisualStudioVersion = 17.1.32319.34
MinimumVisualStudioVersion = 10.0.40219.1
Project("{FAE04EC0-301F-11D3-BF4B-00C04F79EFBC}") = "ADO-Connected Model", "ADO-Connected Model\ADO-Connected Model.csproj", "{F02BC71A-07A6-43FF-89A8-B573D106FC86}"
EndProject
Global
	GlobalSection(SolutionConfigurationPlatforms) = preSolution
		Debug|Any CPU = Debug|Any CPU
		Release|Any CPU = Release|Any CPU
	EndGlobalSection
	GlobalSection(ProjectConfigurationPlatforms) = postSolution
		{F02BC71A-07A6-43FF-89A8-B573D106FC86}.Debug|Any CPU.ActiveCfg = Debug|Any CPU
		{F02BC71A-07A6-43FF-89A8-B573D106FC86}.Debug|Any CPU.Build.0 = Debug|Any CPU
		{F02BC71A-07A6-43FF-89A8-B573D106FC86}.Release|Any CPU.ActiveCfg = Release|Any CPU
		{F02BC71A-07A6-43FF-89A8-B573D106FC86}.Release|Any CPU.Build.0 = Release|Any CPU
	EndGlobalSection
	GlobalSection(SolutionProperties) = preSolution
		HideSolutionNode = FALSE
	EndGlobalSection
	GlobalSection(ExtensibilityGlobals) = postSolution
		SolutionGuid = {E0CB2D69-86C6-4F09-A046-5A7BA44C54DF}
	EndGlobalSection
EndGlobal
